
Microsoft Visual Studio Solution File, Format Version 12.00
# Visual Studio Version 17
VisualStudioVersion = 17.12.35527.113 d17.12
MinimumVisualStudioVersion = 10.0.40219.1
Project("{FAE04EC0-301F-11D3-BF4B-00C04F79EFBC}") = "Gamebook.Server", "Gamebook.Server\Gamebook.Server.csproj", "{723BA6AA-0410-4C3D-A82D-72276367A1AE}"
EndProject
Project("{54A90642-561A-4BB1-A94E-469ADEE60C69}") = "gamebook.client", "gamebook.client\gamebook.client.esproj", "{4297F00A-C6DC-4EFD-8704-CD745CED5C07}"
EndProject
Global
	GlobalSection(SolutionConfigurationPlatforms) = preSolution
		Debug|Any CPU = Debug|Any CPU
		Release|Any CPU = Release|Any CPU
	EndGlobalSection
	GlobalSection(ProjectConfigurationPlatforms) = postSolution
		{723BA6AA-0410-4C3D-A82D-72276367A1AE}.Debug|Any CPU.ActiveCfg = Debug|Any CPU
		{723BA6AA-0410-4C3D-A82D-72276367A1AE}.Debug|Any CPU.Build.0 = Debug|Any CPU
		{723BA6AA-0410-4C3D-A82D-72276367A1AE}.Release|Any CPU.ActiveCfg = Release|Any CPU
		{723BA6AA-0410-4C3D-A82D-72276367A1AE}.Release|Any CPU.Build.0 = Release|Any CPU
		{4297F00A-C6DC-4EFD-8704-CD745CED5C07}.Debug|Any CPU.ActiveCfg = Debug|Any CPU
		{4297F00A-C6DC-4EFD-8704-CD745CED5C07}.Debug|Any CPU.Build.0 = Debug|Any CPU
		{4297F00A-C6DC-4EFD-8704-CD745CED5C07}.Debug|Any CPU.Deploy.0 = Debug|Any CPU
		{4297F00A-C6DC-4EFD-8704-CD745CED5C07}.Release|Any CPU.ActiveCfg = Release|Any CPU
		{4297F00A-C6DC-4EFD-8704-CD745CED5C07}.Release|Any CPU.Build.0 = Release|Any CPU
		{4297F00A-C6DC-4EFD-8704-CD745CED5C07}.Release|Any CPU.Deploy.0 = Release|Any CPU
	EndGlobalSection
	GlobalSection(SolutionProperties) = preSolution
		HideSolutionNode = FALSE
	EndGlobalSection
EndGlobal
